
Microsoft Visual Studio Solution File, Format Version 12.00
# Visual Studio 15
VisualStudioVersion = 15.0.27004.2005
MinimumVisualStudioVersion = 10.0.40219.1
Project("{FAE04EC0-301F-11D3-BF4B-00C04F79EFBC}") = "MindGO", "Save Your Eyes (SYE)\MindGO.csproj", "{3C983FB0-0B0E-4306-A942-1986F67E90BD}"
EndProject
Global
	GlobalSection(SolutionConfigurationPlatforms) = preSolution
		Debug|Any CPU = Debug|Any CPU
		Release|Any CPU = Release|Any CPU
	EndGlobalSection
	GlobalSection(ProjectConfigurationPlatforms) = postSolution
		{3C983FB0-0B0E-4306-A942-1986F67E90BD}.Debug|Any CPU.ActiveCfg = Debug|Any CPU
		{3C983FB0-0B0E-4306-A942-1986F67E90BD}.Debug|Any CPU.Build.0 = Debug|Any CPU
		{3C983FB0-0B0E-4306-A942-1986F67E90BD}.Release|Any CPU.ActiveCfg = Release|Any CPU
		{3C983FB0-0B0E-4306-A942-1986F67E90BD}.Release|Any CPU.Build.0 = Release|Any CPU
	EndGlobalSection
	GlobalSection(SolutionProperties) = preSolution
		HideSolutionNode = FALSE
	EndGlobalSection
	GlobalSection(ExtensibilityGlobals) = postSolution
		SolutionGuid = {078CC113-DCAA-4C14-8AAB-4D27EF0E8A62}
	EndGlobalSection
EndGlobal
